
Microsoft Visual Studio Solution File, Format Version 12.00
# Visual Studio 2012
Project("{E24C65DC-7377-472B-9ABA-BC803B73C61A}") = "PROJECT", "D:\PROJECT\", "{A791055F-4806-4CB4-8039-E364E429DE63}"
	ProjectSection(WebsiteProperties) = preProject
		TargetFrameworkMoniker = ".NETFramework,Version%3Dv4.5"
		Debug.AspNetCompiler.VirtualPath = "/PROJECT"
		Debug.AspNetCompiler.PhysicalPath = "..\PROJECT\"
		Debug.AspNetCompiler.TargetPath = "PrecompiledWeb\PROJECT\"
		Debug.AspNetCompiler.Updateable = "true"
		Debug.AspNetCompiler.ForceOverwrite = "true"
		Debug.AspNetCompiler.FixedNames = "false"
		Debug.AspNetCompiler.Debug = "True"
		Release.AspNetCompiler.VirtualPath = "/PROJECT"
		Release.AspNetCompiler.PhysicalPath = "..\PROJECT\"
		Release.AspNetCompiler.TargetPath = "PrecompiledWeb\PROJECT\"
		Release.AspNetCompiler.Updateable = "true"
		Release.AspNetCompiler.ForceOverwrite = "true"
		Release.AspNetCompiler.FixedNames = "false"
		Release.AspNetCompiler.Debug = "False"
		VWDPort = "2679"
	EndProjectSection
EndProject
Global
	GlobalSection(SolutionConfigurationPlatforms) = preSolution
		Debug|Any CPU = Debug|Any CPU
	EndGlobalSection
	GlobalSection(ProjectConfigurationPlatforms) = postSolution
		{A791055F-4806-4CB4-8039-E364E429DE63}.Debug|Any CPU.ActiveCfg = Debug|Any CPU
		{A791055F-4806-4CB4-8039-E364E429DE63}.Debug|Any CPU.Build.0 = Debug|Any CPU
	EndGlobalSection
	GlobalSection(SolutionProperties) = preSolution
		HideSolutionNode = FALSE
	EndGlobalSection
EndGlobal
